
Microsoft Visual Studio Solution File, Format Version 12.00
# Visual Studio Version 17
VisualStudioVersion = 17.8.34309.116
MinimumVisualStudioVersion = 10.0.40219.1
Project("{FAE04EC0-301F-11D3-BF4B-00C04F79EFBC}") = "NQueensPuzzle", "EightQueenPuzzle\NQueensPuzzle.csproj", "{0DF76AFF-B5C5-4C28-8397-CCA422EB5CEC}"
EndProject
Global
	GlobalSection(SolutionConfigurationPlatforms) = preSolution
		Debug|Any CPU = Debug|Any CPU
		Release|Any CPU = Release|Any CPU
	EndGlobalSection
	GlobalSection(ProjectConfigurationPlatforms) = postSolution
		{0DF76AFF-B5C5-4C28-8397-CCA422EB5CEC}.Debug|Any CPU.ActiveCfg = Debug|Any CPU
		{0DF76AFF-B5C5-4C28-8397-CCA422EB5CEC}.Debug|Any CPU.Build.0 = Debug|Any CPU
		{0DF76AFF-B5C5-4C28-8397-CCA422EB5CEC}.Release|Any CPU.ActiveCfg = Release|Any CPU
		{0DF76AFF-B5C5-4C28-8397-CCA422EB5CEC}.Release|Any CPU.Build.0 = Release|Any CPU
	EndGlobalSection
	GlobalSection(SolutionProperties) = preSolution
		HideSolutionNode = FALSE
	EndGlobalSection
	GlobalSection(ExtensibilityGlobals) = postSolution
		SolutionGuid = {EE9A8BC1-4E9E-4C3D-940A-E459923D6A07}
	EndGlobalSection
EndGlobal
